
Microsoft Visual Studio Solution File, Format Version 12.00
# Visual Studio 15
VisualStudioVersion = 15.0.28010.2019
MinimumVisualStudioVersion = 10.0.40219.1
Project("{FAE04EC0-301F-11D3-BF4B-00C04F79EFBC}") = "HelloConsole", "HelloConsole\HelloConsole.csproj", "{7395657C-722E-4655-A4F0-702D1A12AF84}"
EndProject
Project("{FAE04EC0-301F-11D3-BF4B-00C04F79EFBC}") = "HelloWinForms", "HelloWinForms\HelloWinForms.csproj", "{0607EE22-0213-4AC5-A71C-E76A21DD7F72}"
EndProject
Project("{FAE04EC0-301F-11D3-BF4B-00C04F79EFBC}") = "HelloWPF", "HelloWPF\HelloWPF.csproj", "{15DC5940-7B79-48C7-A11F-4709EE915E5B}"
EndProject
Project("{E24C65DC-7377-472B-9ABA-BC803B73C61A}") = "HelloWebForms", "HelloWebForms\", "{6055DAA6-F078-455B-AD26-17A2551AB12E}"
	ProjectSection(WebsiteProperties) = preProject
		TargetFrameworkMoniker = ".NETFramework,Version%3Dv4.6.1"
		Debug.AspNetCompiler.VirtualPath = "/localhost_64438"
		Debug.AspNetCompiler.PhysicalPath = "HelloWebForms\"
		Debug.AspNetCompiler.TargetPath = "PrecompiledWeb\localhost_64438\"
		Debug.AspNetCompiler.Updateable = "true"
		Debug.AspNetCompiler.ForceOverwrite = "true"
		Debug.AspNetCompiler.FixedNames = "false"
		Debug.AspNetCompiler.Debug = "True"
		Release.AspNetCompiler.VirtualPath = "/localhost_64438"
		Release.AspNetCompiler.PhysicalPath = "HelloWebForms\"
		Release.AspNetCompiler.TargetPath = "PrecompiledWeb\localhost_64438\"
		Release.AspNetCompiler.Updateable = "true"
		Release.AspNetCompiler.ForceOverwrite = "true"
		Release.AspNetCompiler.FixedNames = "false"
		Release.AspNetCompiler.Debug = "False"
		VWDPort = "64438"
		SlnRelativePath = "HelloWebForms\"
		DefaultWebSiteLanguage = "Visual C#"
	EndProjectSection
EndProject
Global
	GlobalSection(SolutionConfigurationPlatforms) = preSolution
		Debug|Any CPU = Debug|Any CPU
		Release|Any CPU = Release|Any CPU
	EndGlobalSection
	GlobalSection(ProjectConfigurationPlatforms) = postSolution
		{7395657C-722E-4655-A4F0-702D1A12AF84}.Debug|Any CPU.ActiveCfg = Debug|Any CPU
		{7395657C-722E-4655-A4F0-702D1A12AF84}.Debug|Any CPU.Build.0 = Debug|Any CPU
		{7395657C-722E-4655-A4F0-702D1A12AF84}.Release|Any CPU.ActiveCfg = Release|Any CPU
		{7395657C-722E-4655-A4F0-702D1A12AF84}.Release|Any CPU.Build.0 = Release|Any CPU
		{0607EE22-0213-4AC5-A71C-E76A21DD7F72}.Debug|Any CPU.ActiveCfg = Debug|Any CPU
		{0607EE22-0213-4AC5-A71C-E76A21DD7F72}.Debug|Any CPU.Build.0 = Debug|Any CPU
		{0607EE22-0213-4AC5-A71C-E76A21DD7F72}.Release|Any CPU.ActiveCfg = Release|Any CPU
		{0607EE22-0213-4AC5-A71C-E76A21DD7F72}.Release|Any CPU.Build.0 = Release|Any CPU
		{15DC5940-7B79-48C7-A11F-4709EE915E5B}.Debug|Any CPU.ActiveCfg = Debug|Any CPU
		{15DC5940-7B79-48C7-A11F-4709EE915E5B}.Debug|Any CPU.Build.0 = Debug|Any CPU
		{15DC5940-7B79-48C7-A11F-4709EE915E5B}.Release|Any CPU.ActiveCfg = Release|Any CPU
		{15DC5940-7B79-48C7-A11F-4709EE915E5B}.Release|Any CPU.Build.0 = Release|Any CPU
		{6055DAA6-F078-455B-AD26-17A2551AB12E}.Debug|Any CPU.ActiveCfg = Debug|Any CPU
		{6055DAA6-F078-455B-AD26-17A2551AB12E}.Debug|Any CPU.Build.0 = Debug|Any CPU
		{6055DAA6-F078-455B-AD26-17A2551AB12E}.Release|Any CPU.ActiveCfg = Debug|Any CPU
		{6055DAA6-F078-455B-AD26-17A2551AB12E}.Release|Any CPU.Build.0 = Debug|Any CPU
	EndGlobalSection
	GlobalSection(SolutionProperties) = preSolution
		HideSolutionNode = FALSE
	EndGlobalSection
	GlobalSection(ExtensibilityGlobals) = postSolution
		SolutionGuid = {CDE574E2-F554-480D-A18E-E94C693AD158}
	EndGlobalSection
EndGlobal
